// !$*UTF8*$!
{
	archiveVersion = 1;
	classes = {
	};
	objectVersion = 56;
	objects = {

/* Begin PBXBuildFile section */
		A46D9AA82B8CEACB00A9DFB7 /* TodoListApp.swift in Sources */ = {isa = PBXBuildFile; fileRef = A46D9AA72B8CEACB00A9DFB7 /* TodoListApp.swift */; };
		A46D9AAA2B8CEACB00A9DFB7 /* ContentView.swift in Sources */ = {isa = PBXBuildFile; fileRef = A46D9AA92B8CEACB00A9DFB7 /* ContentView.swift */; };
		A46D9AAC2B8CEACD00A9DFB7 /* Assets.xcassets in Resources */ = {isa = PBXBuildFile; fileRef = A46D9AAB2B8CEACD00A9DFB7 /* Assets.xcassets */; };
		A46D9AAF2B8CEACD00A9DFB7 /* Preview Assets.xcassets in Resources */ = {isa = PBXBuildFile; fileRef = A46D9AAE2B8CEACD00A9DFB7 /* Preview Assets.xcassets */; };
		A46D9AB72B8CEB1F00A9DFB7 /* TodoList.xcdatamodeld in Sources */ = {isa = PBXBuildFile; fileRef = A46D9AB52B8CEB1F00A9DFB7 /* TodoList.xcdatamodeld */; };
		A46D9AC12B8CEE8200A9DFB7 /* CoreDataManager.swift in Sources */ = {isa = PBXBuildFile; fileRef = A46D9AC02B8CEE8200A9DFB7 /* CoreDataManager.swift */; };
		A46D9AC52B8CF1B000A9DFB7 /* HomeView.swift in Sources */ = {isa = PBXBuildFile; fileRef = A46D9AC42B8CF1B000A9DFB7 /* HomeView.swift */; };
		A46D9AC72B8CF24500A9DFB7 /* AddTodoView.swift in Sources */ = {isa = PBXBuildFile; fileRef = A46D9AC62B8CF24500A9DFB7 /* AddTodoView.swift */; };
		A46D9AC92B8CF2DD00A9DFB7 /* TodoListViewModel.swift in Sources */ = {isa = PBXBuildFile; fileRef = A46D9AC82B8CF2DD00A9DFB7 /* TodoListViewModel.swift */; };
		A46D9AD42B8DEE0F00A9DFB7 /* Todo+CoreDataClass.swift in Sources */ = {isa = PBXBuildFile; fileRef = A46D9AD22B8DEE0F00A9DFB7 /* Todo+CoreDataClass.swift */; };
		A46D9AD52B8DEE0F00A9DFB7 /* Todo+CoreDataProperties.swift in Sources */ = {isa = PBXBuildFile; fileRef = A46D9AD32B8DEE0F00A9DFB7 /* Todo+CoreDataProperties.swift */; };
		A4F9808B2B8DF27300366C3C /* Date.swift in Sources */ = {isa = PBXBuildFile; fileRef = A4F9808A2B8DF27300366C3C /* Date.swift */; };
/* End PBXBuildFile section */

/* Begin PBXFileReference section */
		A46D9AA42B8CEACB00A9DFB7 /* TodoList.app */ = {isa = PBXFileReference; explicitFileType = wrapper.application; includeInIndex = 0; path = TodoList.app; sourceTree = BUILT_PRODUCTS_DIR; };
		A46D9AA72B8CEACB00A9DFB7 /* TodoListApp.swift */ = {isa = PBXFileReference; lastKnownFileType = sourcecode.swift; path = TodoListApp.swift; sourceTree = "<group>"; };
		A46D9AA92B8CEACB00A9DFB7 /* ContentView.swift */ = {isa = PBXFileReference; lastKnownFileType = sourcecode.swift; path = ContentView.swift; sourceTree = "<group>"; };
		A46D9AAB2B8CEACD00A9DFB7 /* Assets.xcassets */ = {isa = PBXFileReference; lastKnownFileType = folder.assetcatalog; path = Assets.xcassets; sourceTree = "<group>"; };
		A46D9AAE2B8CEACD00A9DFB7 /* Preview Assets.xcassets */ = {isa = PBXFileReference; lastKnownFileType = folder.assetcatalog; path = "Preview Assets.xcassets"; sourceTree = "<group>"; };
		A46D9AB62B8CEB1F00A9DFB7 /* TodoList.xcdatamodel */ = {isa = PBXFileReference; lastKnownFileType = wrapper.xcdatamodel; path = TodoList.xcdatamodel; sourceTree = "<group>"; };
		A46D9AC02B8CEE8200A9DFB7 /* CoreDataManager.swift */ = {isa = PBXFileReference; lastKnownFileType = sourcecode.swift; path = CoreDataManager.swift; sourceTree = "<group>"; };
		A46D9AC42B8CF1B000A9DFB7 /* HomeView.swift */ = {isa = PBXFileReference; lastKnownFileType = sourcecode.swift; path = HomeView.swift; sourceTree = "<group>"; };
		A46D9AC62B8CF24500A9DFB7 /* AddTodoView.swift */ = {isa = PBXFileReference; lastKnownFileType = sourcecode.swift; path = AddTodoView.swift; sourceTree = "<group>"; };
		A46D9AC82B8CF2DD00A9DFB7 /* TodoListViewModel.swift */ = {isa = PBXFileReference; lastKnownFileType = sourcecode.swift; path = TodoListViewModel.swift; sourceTree = "<group>"; };
		A46D9AD22B8DEE0F00A9DFB7 /* Todo+CoreDataClass.swift */ = {isa = PBXFileReference; lastKnownFileType = sourcecode.swift; path = "Todo+CoreDataClass.swift"; sourceTree = "<group>"; };
		A46D9AD32B8DEE0F00A9DFB7 /* Todo+CoreDataProperties.swift */ = {isa = PBXFileReference; lastKnownFileType = sourcecode.swift; path = "Todo+CoreDataProperties.swift"; sourceTree = "<group>"; };
		A4F9808A2B8DF27300366C3C /* Date.swift */ = {isa = PBXFileReference; lastKnownFileType = sourcecode.swift; path = Date.swift; sourceTree = "<group>"; };
/* End PBXFileReference section */

/* Begin PBXFrameworksBuildPhase section */
		A46D9AA12B8CEACB00A9DFB7 /* Frameworks */ = {
			isa = PBXFrameworksBuildPhase;
			buildActionMask = 2147483647;
			files = (
			);
			runOnlyForDeploymentPostprocessing = 0;
		};
/* End PBXFrameworksBuildPhase section */

/* Begin PBXGroup section */
		A46D9A9B2B8CEACB00A9DFB7 = {
			isa = PBXGroup;
			children = (
				A46D9AA62B8CEACB00A9DFB7 /* TodoList */,
				A46D9AA52B8CEACB00A9DFB7 /* Products */,
			);
			sourceTree = "<group>";
		};
		A46D9AA52B8CEACB00A9DFB7 /* Products */ = {
			isa = PBXGroup;
			children = (
				A46D9AA42B8CEACB00A9DFB7 /* TodoList.app */,
			);
			name = Products;
			sourceTree = "<group>";
		};
		A46D9AA62B8CEACB00A9DFB7 /* TodoList */ = {
			isa = PBXGroup;
			children = (
				A46D9AA72B8CEACB00A9DFB7 /* TodoListApp.swift */,
				A4F980892B8DF26200366C3C /* Utilities */,
				A46D9AB52B8CEB1F00A9DFB7 /* TodoList.xcdatamodeld */,
				A46D9AAB2B8CEACD00A9DFB7 /* Assets.xcassets */,
				A46D9ACC2B8DC10600A9DFB7 /* Models */,
				A46D9AAD2B8CEACD00A9DFB7 /* Preview Content */,
				A46D9ACB2B8DC0FC00A9DFB7 /* ViewModels */,
				A46D9ACA2B8DC0F600A9DFB7 /* Views */,
			);
			path = TodoList;
			sourceTree = "<group>";
		};
		A46D9AAD2B8CEACD00A9DFB7 /* Preview Content */ = {
			isa = PBXGroup;
			children = (
				A46D9AAE2B8CEACD00A9DFB7 /* Preview Assets.xcassets */,
			);
			path = "Preview Content";
			sourceTree = "<group>";
		};
		A46D9ACA2B8DC0F600A9DFB7 /* Views */ = {
			isa = PBXGroup;
			children = (
				A46D9AC62B8CF24500A9DFB7 /* AddTodoView.swift */,
				A46D9AA92B8CEACB00A9DFB7 /* ContentView.swift */,
				A46D9AC42B8CF1B000A9DFB7 /* HomeView.swift */,
			);
			path = Views;
			sourceTree = "<group>";
		};
		A46D9ACB2B8DC0FC00A9DFB7 /* ViewModels */ = {
			isa = PBXGroup;
			children = (
				A46D9AC82B8CF2DD00A9DFB7 /* TodoListViewModel.swift */,
			);
			path = ViewModels;
			sourceTree = "<group>";
		};
		A46D9ACC2B8DC10600A9DFB7 /* Models */ = {
			isa = PBXGroup;
			children = (
				A46D9AC02B8CEE8200A9DFB7 /* CoreDataManager.swift */,
				A46D9ACD2B8DC12000A9DFB7 /* CoreData */,
			);
			path = Models;
			sourceTree = "<group>";
		};
		A46D9ACD2B8DC12000A9DFB7 /* CoreData */ = {
			isa = PBXGroup;
			children = (
				A46D9AD22B8DEE0F00A9DFB7 /* Todo+CoreDataClass.swift */,
				A46D9AD32B8DEE0F00A9DFB7 /* Todo+CoreDataProperties.swift */,
			);
			path = CoreData;
			sourceTree = "<group>";
		};
		A4F980892B8DF26200366C3C /* Utilities */ = {
			isa = PBXGroup;
			children = (
				A4F9808A2B8DF27300366C3C /* Date.swift */,
			);
			path = Utilities;
			sourceTree = "<group>";
		};
/* End PBXGroup section */

/* Begin PBXNativeTarget section */
		A46D9AA32B8CEACB00A9DFB7 /* TodoList */ = {
			isa = PBXNativeTarget;
			buildConfigurationList = A46D9AB22B8CEACD00A9DFB7 /* Build configuration list for PBXNativeTarget "TodoList" */;
			buildPhases = (
				A46D9AA02B8CEACB00A9DFB7 /* Sources */,
				A46D9AA12B8CEACB00A9DFB7 /* Frameworks */,
				A46D9AA22B8CEACB00A9DFB7 /* Resources */,
			);
			buildRules = (
			);
			dependencies = (
			);
			name = TodoList;
			productName = TodoList;
			productReference = A46D9AA42B8CEACB00A9DFB7 /* TodoList.app */;
			productType = "com.apple.product-type.application";
		};
/* End PBXNativeTarget section */

/* Begin PBXProject section */
		A46D9A9C2B8CEACB00A9DFB7 /* Project object */ = {
			isa = PBXProject;
			attributes = {
				BuildIndependentTargetsInParallel = 1;
				LastSwiftUpdateCheck = 1420;
				LastUpgradeCheck = 1420;
				TargetAttributes = {
					A46D9AA32B8CEACB00A9DFB7 = {
						CreatedOnToolsVersion = 14.2;
					};
				};
			};
			buildConfigurationList = A46D9A9F2B8CEACB00A9DFB7 /* Build configuration list for PBXProject "TodoList" */;
			compatibilityVersion = "Xcode 14.0";
			developmentRegion = en;
			hasScannedForEncodings = 0;
			knownRegions = (
				en,
				Base,
			);
			mainGroup = A46D9A9B2B8CEACB00A9DFB7;
			productRefGroup = A46D9AA52B8CEACB00A9DFB7 /* Products */;
			projectDirPath = "";
			projectRoot = "";
			targets = (
				A46D9AA32B8CEACB00A9DFB7 /* TodoList */,
			);
		};
/* End PBXProject section */

/* Begin PBXResourcesBuildPhase section */
		A46D9AA22B8CEACB00A9DFB7 /* Resources */ = {
			isa = PBXResourcesBuildPhase;
			buildActionMask = 2147483647;
			files = (
				A46D9AAF2B8CEACD00A9DFB7 /* Preview Assets.xcassets in Resources */,
				A46D9AAC2B8CEACD00A9DFB7 /* Assets.xcassets in Resources */,
			);
			runOnlyForDeploymentPostprocessing = 0;
		};
/* End PBXResourcesBuildPhase section */

/* Begin PBXSourcesBuildPhase section */
		A46D9AA02B8CEACB00A9DFB7 /* Sources */ = {
			isa = PBXSourcesBuildPhase;
			buildActionMask = 2147483647;
			files = (
				A46D9AC12B8CEE8200A9DFB7 /* CoreDataManager.swift in Sources */,
				A4F9808B2B8DF27300366C3C /* Date.swift in Sources */,
				A46D9AC52B8CF1B000A9DFB7 /* HomeView.swift in Sources */,
				A46D9AAA2B8CEACB00A9DFB7 /* ContentView.swift in Sources */,
				A46D9AD42B8DEE0F00A9DFB7 /* Todo+CoreDataClass.swift in Sources */,
				A46D9AD52B8DEE0F00A9DFB7 /* Todo+CoreDataProperties.swift in Sources */,
				A46D9AA82B8CEACB00A9DFB7 /* TodoListApp.swift in Sources */,
				A46D9AB72B8CEB1F00A9DFB7 /* TodoList.xcdatamodeld in Sources */,
				A46D9AC92B8CF2DD00A9DFB7 /* TodoListViewModel.swift in Sources */,
				A46D9AC72B8CF24500A9DFB7 /* AddTodoView.swift in Sources */,
			);
			runOnlyForDeploymentPostprocessing = 0;
		};
/* End PBXSourcesBuildPhase section */

/* Begin XCBuildConfiguration section */
		A46D9AB02B8CEACD00A9DFB7 /* Debug */ = {
			isa = XCBuildConfiguration;
			buildSettings = {
				ALWAYS_SEARCH_USER_PATHS = NO;
				CLANG_ANALYZER_NONNULL = YES;
				CLANG_ANALYZER_NUMBER_OBJECT_CONVERSION = YES_AGGRESSIVE;
				CLANG_CXX_LANGUAGE_STANDARD = "gnu++20";
				CLANG_ENABLE_MODULES = YES;
				CLANG_ENABLE_OBJC_ARC = YES;
				CLANG_ENABLE_OBJC_WEAK = YES;
				CLANG_WARN_BLOCK_CAPTURE_AUTORELEASING = YES;
				CLANG_WARN_BOOL_CONVERSION = YES;
				CLANG_WARN_COMMA = YES;
				CLANG_WARN_CONSTANT_CONVERSION = YES;
				CLANG_WARN_DEPRECATED_OBJC_IMPLEMENTATIONS = YES;
				CLANG_WARN_DIRECT_OBJC_ISA_USAGE = YES_ERROR;
				CLANG_WARN_DOCUMENTATION_COMMENTS = YES;
				CLANG_WARN_EMPTY_BODY = YES;
				CLANG_WARN_ENUM_CONVERSION = YES;
				CLANG_WARN_INFINITE_RECURSION = YES;
				CLANG_WARN_INT_CONVERSION = YES;
				CLANG_WARN_NON_LITERAL_NULL_CONVERSION = YES;
				CLANG_WARN_OBJC_IMPLICIT_RETAIN_SELF = YES;
				CLANG_WARN_OBJC_LITERAL_CONVERSION = YES;
				CLANG_WARN_OBJC_ROOT_CLASS = YES_ERROR;
				CLANG_WARN_QUOTED_INCLUDE_IN_FRAMEWORK_HEADER = YES;
				CLANG_WARN_RANGE_LOOP_ANALYSIS = YES;
				CLANG_WARN_STRICT_PROTOTYPES = YES;
				CLANG_WARN_SUSPICIOUS_MOVE = YES;
				CLANG_WARN_UNGUARDED_AVAILABILITY = YES_AGGRESSIVE;
				CLANG_WARN_UNREACHABLE_CODE = YES;
				CLANG_WARN__DUPLICATE_METHOD_MATCH = YES;
				COPY_PHASE_STRIP = NO;
				DEBUG_INFORMATION_FORMAT = dwarf;
				ENABLE_STRICT_OBJC_MSGSEND = YES;
				ENABLE_TESTABILITY = YES;
				GCC_C_LANGUAGE_STANDARD = gnu11;
				GCC_DYNAMIC_NO_PIC = NO;
				GCC_NO_COMMON_BLOCKS = YES;
				GCC_OPTIMIZATION_LEVEL = 0;
				GCC_PREPROCESSOR_DEFINITIONS = (
					"DEBUG=1",
					"$(inherited)",
				);
				GCC_WARN_64_TO_32_BIT_CONVERSION = YES;
				GCC_WARN_ABOUT_RETURN_TYPE = YES_ERROR;
				GCC_WARN_UNDECLARED_SELECTOR = YES;
				GCC_WARN_UNINITIALIZED_AUTOS = YES_AGGRESSIVE;
				GCC_WARN_UNUSED_FUNCTION = YES;
				GCC_WARN_UNUSED_VARIABLE = YES;
				IPHONEOS_DEPLOYMENT_TARGET = 15.0;
				MTL_ENABLE_DEBUG_INFO = INCLUDE_SOURCE;
				MTL_FAST_MATH = YES;
				ONLY_ACTIVE_ARCH = YES;
				SDKROOT = iphoneos;
				SWIFT_ACTIVE_COMPILATION_CONDITIONS = DEBUG;
				SWIFT_OPTIMIZATION_LEVEL = "-Onone";
			};
			name = Debug;
		};
		A46D9AB12B8CEACD00A9DFB7 /* Release */ = {
			isa = XCBuildConfiguration;
			buildSettings = {
				ALWAYS_SEARCH_USER_PATHS = NO;
				CLANG_ANALYZER_NONNULL = YES;
				CLANG_ANALYZER_NUMBER_OBJECT_CONVERSION = YES_AGGRESSIVE;
				CLANG_CXX_LANGUAGE_STANDARD = "gnu++20";
				CLANG_ENABLE_MODULES = YES;
				CLANG_ENABLE_OBJC_ARC = YES;
				CLANG_ENABLE_OBJC_WEAK = YES;
				CLANG_WARN_BLOCK_CAPTURE_AUTORELEASING = YES;
				CLANG_WARN_BOOL_CONVERSION = YES;
				CLANG_WARN_COMMA = YES;
				CLANG_WARN_CONSTANT_CONVERSION = YES;
				CLANG_WARN_DEPRECATED_OBJC_IMPLEMENTATIONS = YES;
				CLANG_WARN_DIRECT_OBJC_ISA_USAGE = YES_ERROR;
				CLANG_WARN_DOCUMENTATION_COMMENTS = YES;
				CLANG_WARN_EMPTY_BODY = YES;
				CLANG_WARN_ENUM_CONVERSION = YES;
				CLANG_WARN_INFINITE_RECURSION = YES;
				CLANG_WARN_INT_CONVERSION = YES;
				CLANG_WARN_NON_LITERAL_NULL_CONVERSION = YES;
				CLANG_WARN_OBJC_IMPLICIT_RETAIN_SELF = YES;
				CLANG_WARN_OBJC_LITERAL_CONVERSION = YES;
				CLANG_WARN_OBJC_ROOT_CLASS = YES_ERROR;
				CLANG_WARN_QUOTED_INCLUDE_IN_FRAMEWORK_HEADER = YES;
				CLANG_WARN_RANGE_LOOP_ANALYSIS = YES;
				CLANG_WARN_STRICT_PROTOTYPES = YES;
				CLANG_WARN_SUSPICIOUS_MOVE = YES;
				CLANG_WARN_UNGUARDED_AVAILABILITY = YES_AGGRESSIVE;
				CLANG_WARN_UNREACHABLE_CODE = YES;
				CLANG_WARN__DUPLICATE_METHOD_MATCH = YES;
				COPY_PHASE_STRIP = NO;
				DEBUG_INFORMATION_FORMAT = "dwarf-with-dsym";
				ENABLE_NS_ASSERTIONS = NO;
				ENABLE_STRICT_OBJC_MSGSEND = YES;
				GCC_C_LANGUAGE_STANDARD = gnu11;
				GCC_NO_COMMON_BLOCKS = YES;
				GCC_WARN_64_TO_32_BIT_CONVERSION = YES;
				GCC_WARN_ABOUT_RETURN_TYPE = YES_ERROR;
				GCC_WARN_UNDECLARED_SELECTOR = YES;
				GCC_WARN_UNINITIALIZED_AUTOS = YES_AGGRESSIVE;
				GCC_WARN_UNUSED_FUNCTION = YES;
				GCC_WARN_UNUSED_VARIABLE = YES;
				IPHONEOS_DEPLOYMENT_TARGET = 15.0;
				MTL_ENABLE_DEBUG_INFO = NO;
				MTL_FAST_MATH = YES;
				SDKROOT = iphoneos;
				SWIFT_COMPILATION_MODE = wholemodule;
				SWIFT_OPTIMIZATION_LEVEL = "-O";
				VALIDATE_PRODUCT = YES;
			};
			name = Release;
		};
		A46D9AB32B8CEACD00A9DFB7 /* Debug */ = {
			isa = XCBuildConfiguration;
			buildSettings = {
				ASSETCATALOG_COMPILER_APPICON_NAME = AppIcon;
				ASSETCATALOG_COMPILER_GLOBAL_ACCENT_COLOR_NAME = AccentColor;
				CODE_SIGN_STYLE = Automatic;
				CURRENT_PROJECT_VERSION = 1;
				DEVELOPMENT_ASSET_PATHS = "\"TodoList/Preview Content\"";
				DEVELOPMENT_TEAM = W7C6394PMD;
				ENABLE_PREVIEWS = YES;
				GENERATE_INFOPLIST_FILE = YES;
				INFOPLIST_KEY_UIApplicationSceneManifest_Generation = YES;
				INFOPLIST_KEY_UIApplicationSupportsIndirectInputEvents = YES;
				INFOPLIST_KEY_UILaunchScreen_Generation = YES;
				INFOPLIST_KEY_UISupportedInterfaceOrientations_iPad = "UIInterfaceOrientationPortrait UIInterfaceOrientationPortraitUpsideDown UIInterfaceOrientationLandscapeLeft UIInterfaceOrientationLandscapeRight";
				INFOPLIST_KEY_UISupportedInterfaceOrientations_iPhone = "UIInterfaceOrientationPortrait UIInterfaceOrientationLandscapeLeft UIInterfaceOrientationLandscapeRight";
				IPHONEOS_DEPLOYMENT_TARGET = 15.0;
				LD_RUNPATH_SEARCH_PATHS = (
					"$(inherited)",
					"@executable_path/Frameworks",
				);
				MARKETING_VERSION = 1.0;
				PRODUCT_BUNDLE_IDENTIFIER = com.baohieu.Todo;
				PRODUCT_NAME = "$(TARGET_NAME)";
				SWIFT_EMIT_LOC_STRINGS = YES;
				SWIFT_VERSION = 5.0;
				TARGETED_DEVICE_FAMILY = "1,2";
			};
			name = Debug;
		};
		A46D9AB42B8CEACD00A9DFB7 /* Release */ = {
			isa = XCBuildConfiguration;
			buildSettings = {
				ASSETCATALOG_COMPILER_APPICON_NAME = AppIcon;
				ASSETCATALOG_COMPILER_GLOBAL_ACCENT_COLOR_NAME = AccentColor;
				CODE_SIGN_STYLE = Automatic;
				CURRENT_PROJECT_VERSION = 1;
				DEVELOPMENT_ASSET_PATHS = "\"TodoList/Preview Content\"";
				DEVELOPMENT_TEAM = W7C6394PMD;
				ENABLE_PREVIEWS = YES;
				GENERATE_INFOPLIST_FILE = YES;
				INFOPLIST_KEY_UIApplicationSceneManifest_Generation = YES;
				INFOPLIST_KEY_UIApplicationSupportsIndirectInputEvents = YES;
				INFOPLIST_KEY_UILaunchScreen_Generation = YES;
				INFOPLIST_KEY_UISupportedInterfaceOrientations_iPad = "UIInterfaceOrientationPortrait UIInterfaceOrientationPortraitUpsideDown UIInterfaceOrientationLandscapeLeft UIInterfaceOrientationLandscapeRight";
				INFOPLIST_KEY_UISupportedInterfaceOrientations_iPhone = "UIInterfaceOrientationPortrait UIInterfaceOrientationLandscapeLeft UIInterfaceOrientationLandscapeRight";
				IPHONEOS_DEPLOYMENT_TARGET = 15.0;
				LD_RUNPATH_SEARCH_PATHS = (
					"$(inherited)",
					"@executable_path/Frameworks",
				);
				MARKETING_VERSION = 1.0;
				PRODUCT_BUNDLE_IDENTIFIER = com.baohieu.Todo;
				PRODUCT_NAME = "$(TARGET_NAME)";
				SWIFT_EMIT_LOC_STRINGS = YES;
				SWIFT_VERSION = 5.0;
				TARGETED_DEVICE_FAMILY = "1,2";
			};
			name = Release;
		};
/* End XCBuildConfiguration section */

/* Begin XCConfigurationList section */
		A46D9A9F2B8CEACB00A9DFB7 /* Build configuration list for PBXProject "TodoList" */ = {
			isa = XCConfigurationList;
			buildConfigurations = (
				A46D9AB02B8CEACD00A9DFB7 /* Debug */,
				A46D9AB12B8CEACD00A9DFB7 /* Release */,
			);
			defaultConfigurationIsVisible = 0;
			defaultConfigurationName = Release;
		};
		A46D9AB22B8CEACD00A9DFB7 /* Build configuration list for PBXNativeTarget "TodoList" */ = {
			isa = XCConfigurationList;
			buildConfigurations = (
				A46D9AB32B8CEACD00A9DFB7 /* Debug */,
				A46D9AB42B8CEACD00A9DFB7 /* Release */,
			);
			defaultConfigurationIsVisible = 0;
			defaultConfigurationName = Release;
		};
/* End XCConfigurationList section */

/* Begin XCVersionGroup section */
		A46D9AB52B8CEB1F00A9DFB7 /* TodoList.xcdatamodeld */ = {
			isa = XCVersionGroup;
			children = (
				A46D9AB62B8CEB1F00A9DFB7 /* TodoList.xcdatamodel */,
			);
			currentVersion = A46D9AB62B8CEB1F00A9DFB7 /* TodoList.xcdatamodel */;
			path = TodoList.xcdatamodeld;
			sourceTree = "<group>";
			versionGroupType = wrapper.xcdatamodel;
		};
/* End XCVersionGroup section */
	};
	rootObject = A46D9A9C2B8CEACB00A9DFB7 /* Project object */;
}
